
Microsoft Visual Studio Solution File, Format Version 9.00
# Visual Studio 2005
Project("{FAE04EC0-301F-11D3-BF4B-00C04F79EFBC}") = "NEsper.Tests.Runner", "NEsper.Tests.Runner.csproj", "{92BE5F38-B72D-4368-A0F7-08ADA4B75A8E}"
EndProject
Project("{FAE04EC0-301F-11D3-BF4B-00C04F79EFBC}") = "NEsper.Tests", "..\NEsper.Tests\NEsper.Tests.csproj", "{34C1A382-1B8B-4A15-B168-0AD7D30E2E22}"
EndProject
Global
	GlobalSection(SolutionConfigurationPlatforms) = preSolution
		Debug|Any CPU = Debug|Any CPU
		Release|Any CPU = Release|Any CPU
	EndGlobalSection
	GlobalSection(ProjectConfigurationPlatforms) = postSolution
		{92BE5F38-B72D-4368-A0F7-08ADA4B75A8E}.Debug|Any CPU.ActiveCfg = Debug|Any CPU
		{92BE5F38-B72D-4368-A0F7-08ADA4B75A8E}.Debug|Any CPU.Build.0 = Debug|Any CPU
		{92BE5F38-B72D-4368-A0F7-08ADA4B75A8E}.Release|Any CPU.ActiveCfg = Release|Any CPU
		{92BE5F38-B72D-4368-A0F7-08ADA4B75A8E}.Release|Any CPU.Build.0 = Release|Any CPU
		{34C1A382-1B8B-4A15-B168-0AD7D30E2E22}.Debug|Any CPU.ActiveCfg = Debug|Any CPU
		{34C1A382-1B8B-4A15-B168-0AD7D30E2E22}.Debug|Any CPU.Build.0 = Debug|Any CPU
		{34C1A382-1B8B-4A15-B168-0AD7D30E2E22}.Release|Any CPU.ActiveCfg = Release|Any CPU
		{34C1A382-1B8B-4A15-B168-0AD7D30E2E22}.Release|Any CPU.Build.0 = Release|Any CPU
	EndGlobalSection
	GlobalSection(SolutionProperties) = preSolution
		HideSolutionNode = FALSE
	EndGlobalSection
EndGlobal
